
Microsoft Visual Studio Solution File, Format Version 12.00
# Visual Studio 15
VisualStudioVersion = 15.0.28010.2048
MinimumVisualStudioVersion = 10.0.40219.1
Project("{FAE04EC0-301F-11D3-BF4B-00C04F79EFBC}") = "Checkpoint4ver2", "Checkpoint4ver2\Checkpoint4ver2.csproj", "{FC0A54DC-AA71-495C-B0D9-284BB4949C82}"
EndProject
Global
	GlobalSection(SolutionConfigurationPlatforms) = preSolution
		Debug|Any CPU = Debug|Any CPU
		Release|Any CPU = Release|Any CPU
	EndGlobalSection
	GlobalSection(ProjectConfigurationPlatforms) = postSolution
		{FC0A54DC-AA71-495C-B0D9-284BB4949C82}.Debug|Any CPU.ActiveCfg = Debug|Any CPU
		{FC0A54DC-AA71-495C-B0D9-284BB4949C82}.Debug|Any CPU.Build.0 = Debug|Any CPU
		{FC0A54DC-AA71-495C-B0D9-284BB4949C82}.Release|Any CPU.ActiveCfg = Release|Any CPU
		{FC0A54DC-AA71-495C-B0D9-284BB4949C82}.Release|Any CPU.Build.0 = Release|Any CPU
	EndGlobalSection
	GlobalSection(SolutionProperties) = preSolution
		HideSolutionNode = FALSE
	EndGlobalSection
	GlobalSection(ExtensibilityGlobals) = postSolution
		SolutionGuid = {C660767F-3F51-4DB1-820C-DA42CE942D1A}
	EndGlobalSection
EndGlobal
